
Microsoft Visual Studio Solution File, Format Version 11.00
# Visual Studio 2010
Project("{FAE04EC0-301F-11D3-BF4B-00C04F79EFBC}") = "NineBeat1", "Assembly-CSharp.csproj", "{49162EE2-E7CF-C3E5-272C-38CEA85967A8}"
EndProject
Global
	GlobalSection(SolutionConfigurationPlatforms) = preSolution
		Debug|Any CPU = Debug|Any CPU
		Release|Any CPU = Release|Any CPU
	EndGlobalSection
	GlobalSection(ProjectConfigurationPlatforms) = postSolution
		{49162EE2-E7CF-C3E5-272C-38CEA85967A8}.Debug|Any CPU.ActiveCfg = Debug|Any CPU
		{49162EE2-E7CF-C3E5-272C-38CEA85967A8}.Debug|Any CPU.Build.0 = Debug|Any CPU
		{49162EE2-E7CF-C3E5-272C-38CEA85967A8}.Release|Any CPU.ActiveCfg = Release|Any CPU
		{49162EE2-E7CF-C3E5-272C-38CEA85967A8}.Release|Any CPU.Build.0 = Release|Any CPU
	EndGlobalSection
	GlobalSection(SolutionProperties) = preSolution
		HideSolutionNode = FALSE
	EndGlobalSection
	GlobalSection(MonoDevelopProperties) = preSolution
		StartupItem = Assembly-CSharp.csproj
	EndGlobalSection
EndGlobal
